// !$*UTF8*$!
{
	archiveVersion = 1;
	classes = {
	};
	objectVersion = 56;
	objects = {

/* Begin PBXBuildFile section */
		08C2F43329C5FC0F00E30789 /* FireAuthApp.swift in Sources */ = {isa = PBXBuildFile; fileRef = 08C2F43229C5FC0F00E30789 /* FireAuthApp.swift */; };
		08C2F43529C5FC0F00E30789 /* ContentView.swift in Sources */ = {isa = PBXBuildFile; fileRef = 08C2F43429C5FC0F00E30789 /* ContentView.swift */; };
		08C2F43729C5FC1100E30789 /* Assets.xcassets in Resources */ = {isa = PBXBuildFile; fileRef = 08C2F43629C5FC1100E30789 /* Assets.xcassets */; };
		08C2F43A29C5FC1100E30789 /* Preview Assets.xcassets in Resources */ = {isa = PBXBuildFile; fileRef = 08C2F43929C5FC1100E30789 /* Preview Assets.xcassets */; };
		08C2F44129C5FD0A00E30789 /* GoogleService-Info.plist in Resources */ = {isa = PBXBuildFile; fileRef = 08C2F44029C5FD0A00E30789 /* GoogleService-Info.plist */; };
		08C2F44429C5FEB500E30789 /* FirebaseAuth in Frameworks */ = {isa = PBXBuildFile; productRef = 08C2F44329C5FEB500E30789 /* FirebaseAuth */; };
		08F56C0429C6C2E30060A07C /* Model.swift in Sources */ = {isa = PBXBuildFile; fileRef = 08F56C0329C6C2E30060A07C /* Model.swift */; };
		08F56C0729C6C4840060A07C /* FirebaseFirestore in Frameworks */ = {isa = PBXBuildFile; productRef = 08F56C0629C6C4840060A07C /* FirebaseFirestore */; };
		08F56C0929C6C4840060A07C /* FirebaseFirestoreSwift in Frameworks */ = {isa = PBXBuildFile; productRef = 08F56C0829C6C4840060A07C /* FirebaseFirestoreSwift */; };
		08F56C0B29C6C4C60060A07C /* ViewModel.swift in Sources */ = {isa = PBXBuildFile; fileRef = 08F56C0A29C6C4C60060A07C /* ViewModel.swift */; };
		08F56C0E29C74A340060A07C /* LoginView.swift in Sources */ = {isa = PBXBuildFile; fileRef = 08F56C0D29C74A340060A07C /* LoginView.swift */; };
/* End PBXBuildFile section */

/* Begin PBXFileReference section */
		08C2F42F29C5FC0F00E30789 /* FireAuth.app */ = {isa = PBXFileReference; explicitFileType = wrapper.application; includeInIndex = 0; path = FireAuth.app; sourceTree = BUILT_PRODUCTS_DIR; };
		08C2F43229C5FC0F00E30789 /* FireAuthApp.swift */ = {isa = PBXFileReference; lastKnownFileType = sourcecode.swift; path = FireAuthApp.swift; sourceTree = "<group>"; };
		08C2F43429C5FC0F00E30789 /* ContentView.swift */ = {isa = PBXFileReference; lastKnownFileType = sourcecode.swift; path = ContentView.swift; sourceTree = "<group>"; };
		08C2F43629C5FC1100E30789 /* Assets.xcassets */ = {isa = PBXFileReference; lastKnownFileType = folder.assetcatalog; path = Assets.xcassets; sourceTree = "<group>"; };
		08C2F43929C5FC1100E30789 /* Preview Assets.xcassets */ = {isa = PBXFileReference; lastKnownFileType = folder.assetcatalog; path = "Preview Assets.xcassets"; sourceTree = "<group>"; };
		08C2F44029C5FD0A00E30789 /* GoogleService-Info.plist */ = {isa = PBXFileReference; fileEncoding = 4; lastKnownFileType = text.plist.xml; path = "GoogleService-Info.plist"; sourceTree = "<group>"; };
		08F56C0329C6C2E30060A07C /* Model.swift */ = {isa = PBXFileReference; lastKnownFileType = sourcecode.swift; path = Model.swift; sourceTree = "<group>"; };
		08F56C0A29C6C4C60060A07C /* ViewModel.swift */ = {isa = PBXFileReference; lastKnownFileType = sourcecode.swift; path = ViewModel.swift; sourceTree = "<group>"; };
		08F56C0D29C74A340060A07C /* LoginView.swift */ = {isa = PBXFileReference; lastKnownFileType = sourcecode.swift; path = LoginView.swift; sourceTree = "<group>"; };
/* End PBXFileReference section */

/* Begin PBXFrameworksBuildPhase section */
		08C2F42C29C5FC0F00E30789 /* Frameworks */ = {
			isa = PBXFrameworksBuildPhase;
			buildActionMask = 2147483647;
			files = (
				08C2F44429C5FEB500E30789 /* FirebaseAuth in Frameworks */,
				08F56C0729C6C4840060A07C /* FirebaseFirestore in Frameworks */,
				08F56C0929C6C4840060A07C /* FirebaseFirestoreSwift in Frameworks */,
			);
			runOnlyForDeploymentPostprocessing = 0;
		};
/* End PBXFrameworksBuildPhase section */

/* Begin PBXGroup section */
		08C2F42629C5FC0F00E30789 = {
			isa = PBXGroup;
			children = (
				08C2F43129C5FC0F00E30789 /* FireAuth */,
				08C2F43029C5FC0F00E30789 /* Products */,
				08F56C0529C6C4840060A07C /* Frameworks */,
			);
			sourceTree = "<group>";
		};
		08C2F43029C5FC0F00E30789 /* Products */ = {
			isa = PBXGroup;
			children = (
				08C2F42F29C5FC0F00E30789 /* FireAuth.app */,
			);
			name = Products;
			sourceTree = "<group>";
		};
		08C2F43129C5FC0F00E30789 /* FireAuth */ = {
			isa = PBXGroup;
			children = (
				08F56C0C29C74A190060A07C /* Views */,
				08C2F44029C5FD0A00E30789 /* GoogleService-Info.plist */,
				08F56C0229C6C2D70060A07C /* Model */,
				08C2F43229C5FC0F00E30789 /* FireAuthApp.swift */,
				08C2F43429C5FC0F00E30789 /* ContentView.swift */,
				08C2F43629C5FC1100E30789 /* Assets.xcassets */,
				08C2F43829C5FC1100E30789 /* Preview Content */,
			);
			path = FireAuth;
			sourceTree = "<group>";
		};
		08C2F43829C5FC1100E30789 /* Preview Content */ = {
			isa = PBXGroup;
			children = (
				08C2F43929C5FC1100E30789 /* Preview Assets.xcassets */,
			);
			path = "Preview Content";
			sourceTree = "<group>";
		};
		08F56C0229C6C2D70060A07C /* Model */ = {
			isa = PBXGroup;
			children = (
				08F56C0329C6C2E30060A07C /* Model.swift */,
				08F56C0A29C6C4C60060A07C /* ViewModel.swift */,
			);
			path = Model;
			sourceTree = "<group>";
		};
		08F56C0529C6C4840060A07C /* Frameworks */ = {
			isa = PBXGroup;
			children = (
			);
			name = Frameworks;
			sourceTree = "<group>";
		};
		08F56C0C29C74A190060A07C /* Views */ = {
			isa = PBXGroup;
			children = (
				08F56C0D29C74A340060A07C /* LoginView.swift */,
			);
			path = Views;
			sourceTree = "<group>";
		};
/* End PBXGroup section */

/* Begin PBXNativeTarget section */
		08C2F42E29C5FC0F00E30789 /* FireAuth */ = {
			isa = PBXNativeTarget;
			buildConfigurationList = 08C2F43D29C5FC1100E30789 /* Build configuration list for PBXNativeTarget "FireAuth" */;
			buildPhases = (
				08C2F42B29C5FC0F00E30789 /* Sources */,
				08C2F42C29C5FC0F00E30789 /* Frameworks */,
				08C2F42D29C5FC0F00E30789 /* Resources */,
			);
			buildRules = (
			);
			dependencies = (
			);
			name = FireAuth;
			packageProductDependencies = (
				08C2F44329C5FEB500E30789 /* FirebaseAuth */,
				08F56C0629C6C4840060A07C /* FirebaseFirestore */,
				08F56C0829C6C4840060A07C /* FirebaseFirestoreSwift */,
			);
			productName = FireAuth;
			productReference = 08C2F42F29C5FC0F00E30789 /* FireAuth.app */;
			productType = "com.apple.product-type.application";
		};
/* End PBXNativeTarget section */

/* Begin PBXProject section */
		08C2F42729C5FC0F00E30789 /* Project object */ = {
			isa = PBXProject;
			attributes = {
				BuildIndependentTargetsInParallel = 1;
				LastSwiftUpdateCheck = 1420;
				LastUpgradeCheck = 1420;
				TargetAttributes = {
					08C2F42E29C5FC0F00E30789 = {
						CreatedOnToolsVersion = 14.2;
					};
				};
			};
			buildConfigurationList = 08C2F42A29C5FC0F00E30789 /* Build configuration list for PBXProject "FireAuth" */;
			compatibilityVersion = "Xcode 14.0";
			developmentRegion = en;
			hasScannedForEncodings = 0;
			knownRegions = (
				en,
				Base,
			);
			mainGroup = 08C2F42629C5FC0F00E30789;
			packageReferences = (
				08C2F44229C5FEB500E30789 /* XCRemoteSwiftPackageReference "firebase-ios-sdk" */,
			);
			productRefGroup = 08C2F43029C5FC0F00E30789 /* Products */;
			projectDirPath = "";
			projectRoot = "";
			targets = (
				08C2F42E29C5FC0F00E30789 /* FireAuth */,
			);
		};
/* End PBXProject section */

/* Begin PBXResourcesBuildPhase section */
		08C2F42D29C5FC0F00E30789 /* Resources */ = {
			isa = PBXResourcesBuildPhase;
			buildActionMask = 2147483647;
			files = (
				08C2F43A29C5FC1100E30789 /* Preview Assets.xcassets in Resources */,
				08C2F43729C5FC1100E30789 /* Assets.xcassets in Resources */,
				08C2F44129C5FD0A00E30789 /* GoogleService-Info.plist in Resources */,
			);
			runOnlyForDeploymentPostprocessing = 0;
		};
/* End PBXResourcesBuildPhase section */

/* Begin PBXSourcesBuildPhase section */
		08C2F42B29C5FC0F00E30789 /* Sources */ = {
			isa = PBXSourcesBuildPhase;
			buildActionMask = 2147483647;
			files = (
				08F56C0429C6C2E30060A07C /* Model.swift in Sources */,
				08C2F43529C5FC0F00E30789 /* ContentView.swift in Sources */,
				08F56C0B29C6C4C60060A07C /* ViewModel.swift in Sources */,
				08F56C0E29C74A340060A07C /* LoginView.swift in Sources */,
				08C2F43329C5FC0F00E30789 /* FireAuthApp.swift in Sources */,
			);
			runOnlyForDeploymentPostprocessing = 0;
		};
/* End PBXSourcesBuildPhase section */

/* Begin XCBuildConfiguration section */
		08C2F43B29C5FC1100E30789 /* Debug */ = {
			isa = XCBuildConfiguration;
			buildSettings = {
				ALWAYS_SEARCH_USER_PATHS = NO;
				CLANG_ANALYZER_NONNULL = YES;
				CLANG_ANALYZER_NUMBER_OBJECT_CONVERSION = YES_AGGRESSIVE;
				CLANG_CXX_LANGUAGE_STANDARD = "gnu++20";
				CLANG_ENABLE_MODULES = YES;
				CLANG_ENABLE_OBJC_ARC = YES;
				CLANG_ENABLE_OBJC_WEAK = YES;
				CLANG_WARN_BLOCK_CAPTURE_AUTORELEASING = YES;
				CLANG_WARN_BOOL_CONVERSION = YES;
				CLANG_WARN_COMMA = YES;
				CLANG_WARN_CONSTANT_CONVERSION = YES;
				CLANG_WARN_DEPRECATED_OBJC_IMPLEMENTATIONS = YES;
				CLANG_WARN_DIRECT_OBJC_ISA_USAGE = YES_ERROR;
				CLANG_WARN_DOCUMENTATION_COMMENTS = YES;
				CLANG_WARN_EMPTY_BODY = YES;
				CLANG_WARN_ENUM_CONVERSION = YES;
				CLANG_WARN_INFINITE_RECURSION = YES;
				CLANG_WARN_INT_CONVERSION = YES;
				CLANG_WARN_NON_LITERAL_NULL_CONVERSION = YES;
				CLANG_WARN_OBJC_IMPLICIT_RETAIN_SELF = YES;
				CLANG_WARN_OBJC_LITERAL_CONVERSION = YES;
				CLANG_WARN_OBJC_ROOT_CLASS = YES_ERROR;
				CLANG_WARN_QUOTED_INCLUDE_IN_FRAMEWORK_HEADER = YES;
				CLANG_WARN_RANGE_LOOP_ANALYSIS = YES;
				CLANG_WARN_STRICT_PROTOTYPES = YES;
				CLANG_WARN_SUSPICIOUS_MOVE = YES;
				CLANG_WARN_UNGUARDED_AVAILABILITY = YES_AGGRESSIVE;
				CLANG_WARN_UNREACHABLE_CODE = YES;
				CLANG_WARN__DUPLICATE_METHOD_MATCH = YES;
				COPY_PHASE_STRIP = NO;
				DEBUG_INFORMATION_FORMAT = dwarf;
				ENABLE_STRICT_OBJC_MSGSEND = YES;
				ENABLE_TESTABILITY = YES;
				GCC_C_LANGUAGE_STANDARD = gnu11;
				GCC_DYNAMIC_NO_PIC = NO;
				GCC_NO_COMMON_BLOCKS = YES;
				GCC_OPTIMIZATION_LEVEL = 0;
				GCC_PREPROCESSOR_DEFINITIONS = (
					"DEBUG=1",
					"$(inherited)",
				);
				GCC_WARN_64_TO_32_BIT_CONVERSION = YES;
				GCC_WARN_ABOUT_RETURN_TYPE = YES_ERROR;
				GCC_WARN_UNDECLARED_SELECTOR = YES;
				GCC_WARN_UNINITIALIZED_AUTOS = YES_AGGRESSIVE;
				GCC_WARN_UNUSED_FUNCTION = YES;
				GCC_WARN_UNUSED_VARIABLE = YES;
				IPHONEOS_DEPLOYMENT_TARGET = 16.2;
				MTL_ENABLE_DEBUG_INFO = INCLUDE_SOURCE;
				MTL_FAST_MATH = YES;
				ONLY_ACTIVE_ARCH = YES;
				SDKROOT = iphoneos;
				SWIFT_ACTIVE_COMPILATION_CONDITIONS = DEBUG;
				SWIFT_OPTIMIZATION_LEVEL = "-Onone";
			};
			name = Debug;
		};
		08C2F43C29C5FC1100E30789 /* Release */ = {
			isa = XCBuildConfiguration;
			buildSettings = {
				ALWAYS_SEARCH_USER_PATHS = NO;
				CLANG_ANALYZER_NONNULL = YES;
				CLANG_ANALYZER_NUMBER_OBJECT_CONVERSION = YES_AGGRESSIVE;
				CLANG_CXX_LANGUAGE_STANDARD = "gnu++20";
				CLANG_ENABLE_MODULES = YES;
				CLANG_ENABLE_OBJC_ARC = YES;
				CLANG_ENABLE_OBJC_WEAK = YES;
				CLANG_WARN_BLOCK_CAPTURE_AUTORELEASING = YES;
				CLANG_WARN_BOOL_CONVERSION = YES;
				CLANG_WARN_COMMA = YES;
				CLANG_WARN_CONSTANT_CONVERSION = YES;
				CLANG_WARN_DEPRECATED_OBJC_IMPLEMENTATIONS = YES;
				CLANG_WARN_DIRECT_OBJC_ISA_USAGE = YES_ERROR;
				CLANG_WARN_DOCUMENTATION_COMMENTS = YES;
				CLANG_WARN_EMPTY_BODY = YES;
				CLANG_WARN_ENUM_CONVERSION = YES;
				CLANG_WARN_INFINITE_RECURSION = YES;
				CLANG_WARN_INT_CONVERSION = YES;
				CLANG_WARN_NON_LITERAL_NULL_CONVERSION = YES;
				CLANG_WARN_OBJC_IMPLICIT_RETAIN_SELF = YES;
				CLANG_WARN_OBJC_LITERAL_CONVERSION = YES;
				CLANG_WARN_OBJC_ROOT_CLASS = YES_ERROR;
				CLANG_WARN_QUOTED_INCLUDE_IN_FRAMEWORK_HEADER = YES;
				CLANG_WARN_RANGE_LOOP_ANALYSIS = YES;
				CLANG_WARN_STRICT_PROTOTYPES = YES;
				CLANG_WARN_SUSPICIOUS_MOVE = YES;
				CLANG_WARN_UNGUARDED_AVAILABILITY = YES_AGGRESSIVE;
				CLANG_WARN_UNREACHABLE_CODE = YES;
				CLANG_WARN__DUPLICATE_METHOD_MATCH = YES;
				COPY_PHASE_STRIP = NO;
				DEBUG_INFORMATION_FORMAT = "dwarf-with-dsym";
				ENABLE_NS_ASSERTIONS = NO;
				ENABLE_STRICT_OBJC_MSGSEND = YES;
				GCC_C_LANGUAGE_STANDARD = gnu11;
				GCC_NO_COMMON_BLOCKS = YES;
				GCC_WARN_64_TO_32_BIT_CONVERSION = YES;
				GCC_WARN_ABOUT_RETURN_TYPE = YES_ERROR;
				GCC_WARN_UNDECLARED_SELECTOR = YES;
				GCC_WARN_UNINITIALIZED_AUTOS = YES_AGGRESSIVE;
				GCC_WARN_UNUSED_FUNCTION = YES;
				GCC_WARN_UNUSED_VARIABLE = YES;
				IPHONEOS_DEPLOYMENT_TARGET = 16.2;
				MTL_ENABLE_DEBUG_INFO = NO;
				MTL_FAST_MATH = YES;
				SDKROOT = iphoneos;
				SWIFT_COMPILATION_MODE = wholemodule;
				SWIFT_OPTIMIZATION_LEVEL = "-O";
				VALIDATE_PRODUCT = YES;
			};
			name = Release;
		};
		08C2F43E29C5FC1100E30789 /* Debug */ = {
			isa = XCBuildConfiguration;
			buildSettings = {
				ASSETCATALOG_COMPILER_APPICON_NAME = AppIcon;
				ASSETCATALOG_COMPILER_GLOBAL_ACCENT_COLOR_NAME = AccentColor;
				CODE_SIGN_STYLE = Automatic;
				CURRENT_PROJECT_VERSION = 1;
				DEVELOPMENT_ASSET_PATHS = "\"FireAuth/Preview Content\"";
				DEVELOPMENT_TEAM = P8794RMH4C;
				ENABLE_PREVIEWS = YES;
				GENERATE_INFOPLIST_FILE = YES;
				INFOPLIST_KEY_UIApplicationSceneManifest_Generation = YES;
				INFOPLIST_KEY_UIApplicationSupportsIndirectInputEvents = YES;
				INFOPLIST_KEY_UILaunchScreen_Generation = YES;
				INFOPLIST_KEY_UISupportedInterfaceOrientations_iPad = "UIInterfaceOrientationPortrait UIInterfaceOrientationPortraitUpsideDown UIInterfaceOrientationLandscapeLeft UIInterfaceOrientationLandscapeRight";
				INFOPLIST_KEY_UISupportedInterfaceOrientations_iPhone = "UIInterfaceOrientationPortrait UIInterfaceOrientationLandscapeLeft UIInterfaceOrientationLandscapeRight";
				LD_RUNPATH_SEARCH_PATHS = (
					"$(inherited)",
					"@executable_path/Frameworks",
				);
				MARKETING_VERSION = 1.0;
				PRODUCT_BUNDLE_IDENTIFIER = com.pututyb.FireAuth;
				PRODUCT_NAME = "$(TARGET_NAME)";
				SWIFT_EMIT_LOC_STRINGS = YES;
				SWIFT_VERSION = 5.0;
				TARGETED_DEVICE_FAMILY = "1,2";
			};
			name = Debug;
		};
		08C2F43F29C5FC1100E30789 /* Release */ = {
			isa = XCBuildConfiguration;
			buildSettings = {
				ASSETCATALOG_COMPILER_APPICON_NAME = AppIcon;
				ASSETCATALOG_COMPILER_GLOBAL_ACCENT_COLOR_NAME = AccentColor;
				CODE_SIGN_STYLE = Automatic;
				CURRENT_PROJECT_VERSION = 1;
				DEVELOPMENT_ASSET_PATHS = "\"FireAuth/Preview Content\"";
				DEVELOPMENT_TEAM = P8794RMH4C;
				ENABLE_PREVIEWS = YES;
				GENERATE_INFOPLIST_FILE = YES;
				INFOPLIST_KEY_UIApplicationSceneManifest_Generation = YES;
				INFOPLIST_KEY_UIApplicationSupportsIndirectInputEvents = YES;
				INFOPLIST_KEY_UILaunchScreen_Generation = YES;
				INFOPLIST_KEY_UISupportedInterfaceOrientations_iPad = "UIInterfaceOrientationPortrait UIInterfaceOrientationPortraitUpsideDown UIInterfaceOrientationLandscapeLeft UIInterfaceOrientationLandscapeRight";
				INFOPLIST_KEY_UISupportedInterfaceOrientations_iPhone = "UIInterfaceOrientationPortrait UIInterfaceOrientationLandscapeLeft UIInterfaceOrientationLandscapeRight";
				LD_RUNPATH_SEARCH_PATHS = (
					"$(inherited)",
					"@executable_path/Frameworks",
				);
				MARKETING_VERSION = 1.0;
				PRODUCT_BUNDLE_IDENTIFIER = com.pututyb.FireAuth;
				PRODUCT_NAME = "$(TARGET_NAME)";
				SWIFT_EMIT_LOC_STRINGS = YES;
				SWIFT_VERSION = 5.0;
				TARGETED_DEVICE_FAMILY = "1,2";
			};
			name = Release;
		};
/* End XCBuildConfiguration section */

/* Begin XCConfigurationList section */
		08C2F42A29C5FC0F00E30789 /* Build configuration list for PBXProject "FireAuth" */ = {
			isa = XCConfigurationList;
			buildConfigurations = (
				08C2F43B29C5FC1100E30789 /* Debug */,
				08C2F43C29C5FC1100E30789 /* Release */,
			);
			defaultConfigurationIsVisible = 0;
			defaultConfigurationName = Release;
		};
		08C2F43D29C5FC1100E30789 /* Build configuration list for PBXNativeTarget "FireAuth" */ = {
			isa = XCConfigurationList;
			buildConfigurations = (
				08C2F43E29C5FC1100E30789 /* Debug */,
				08C2F43F29C5FC1100E30789 /* Release */,
			);
			defaultConfigurationIsVisible = 0;
			defaultConfigurationName = Release;
		};
/* End XCConfigurationList section */

/* Begin XCRemoteSwiftPackageReference section */
		08C2F44229C5FEB500E30789 /* XCRemoteSwiftPackageReference "firebase-ios-sdk" */ = {
			isa = XCRemoteSwiftPackageReference;
			repositoryURL = "https://github.com/firebase/firebase-ios-sdk";
			requirement = {
				branch = master;
				kind = branch;
			};
		};
/* End XCRemoteSwiftPackageReference section */

/* Begin XCSwiftPackageProductDependency section */
		08C2F44329C5FEB500E30789 /* FirebaseAuth */ = {
			isa = XCSwiftPackageProductDependency;
			package = 08C2F44229C5FEB500E30789 /* XCRemoteSwiftPackageReference "firebase-ios-sdk" */;
			productName = FirebaseAuth;
		};
		08F56C0629C6C4840060A07C /* FirebaseFirestore */ = {
			isa = XCSwiftPackageProductDependency;
			package = 08C2F44229C5FEB500E30789 /* XCRemoteSwiftPackageReference "firebase-ios-sdk" */;
			productName = FirebaseFirestore;
		};
		08F56C0829C6C4840060A07C /* FirebaseFirestoreSwift */ = {
			isa = XCSwiftPackageProductDependency;
			package = 08C2F44229C5FEB500E30789 /* XCRemoteSwiftPackageReference "firebase-ios-sdk" */;
			productName = FirebaseFirestoreSwift;
		};
/* End XCSwiftPackageProductDependency section */
	};
	rootObject = 08C2F42729C5FC0F00E30789 /* Project object */;
}
